// !$*UTF8*$!
{
	archiveVersion = 1;
	classes = {
	};
	objectVersion = 51;
	objects = {

/* Begin PBXBuildFile section */
		548B1EC4698135989AA5E9F8 /* Pods_Flix_FlixUITests.framework in Frameworks */ = {isa = PBXBuildFile; fileRef = 2374E0239B20AF291E0BE1D3 /* Pods_Flix_FlixUITests.framework */; };
		66252C64236390B500A223CB /* MovieGridViewController.swift in Sources */ = {isa = PBXBuildFile; fileRef = 66252C63236390B500A223CB /* MovieGridViewController.swift */; };
		66252C662363943C00A223CB /* MovieGridCollectionViewCell.swift in Sources */ = {isa = PBXBuildFile; fileRef = 66252C652363943C00A223CB /* MovieGridCollectionViewCell.swift */; };
		6686157623637DB400272F4F /* MovieDetailsViewController.swift in Sources */ = {isa = PBXBuildFile; fileRef = 6686157523637DB400272F4F /* MovieDetailsViewController.swift */; };
		66FA04E0235A54B0000B6F61 /* AppDelegate.swift in Sources */ = {isa = PBXBuildFile; fileRef = 66FA04DF235A54B0000B6F61 /* AppDelegate.swift */; };
		66FA04E2235A54B0000B6F61 /* SceneDelegate.swift in Sources */ = {isa = PBXBuildFile; fileRef = 66FA04E1235A54B0000B6F61 /* SceneDelegate.swift */; };
		66FA04E4235A54B0000B6F61 /* ViewController.swift in Sources */ = {isa = PBXBuildFile; fileRef = 66FA04E3235A54B0000B6F61 /* ViewController.swift */; };
		66FA04E7235A54B0000B6F61 /* Main.storyboard in Resources */ = {isa = PBXBuildFile; fileRef = 66FA04E5235A54B0000B6F61 /* Main.storyboard */; };
		66FA04E9235A54B2000B6F61 /* Assets.xcassets in Resources */ = {isa = PBXBuildFile; fileRef = 66FA04E8235A54B2000B6F61 /* Assets.xcassets */; };
		66FA04EC235A54B2000B6F61 /* LaunchScreen.storyboard in Resources */ = {isa = PBXBuildFile; fileRef = 66FA04EA235A54B2000B6F61 /* LaunchScreen.storyboard */; };
		66FA04F7235A54B2000B6F61 /* FlixTests.swift in Sources */ = {isa = PBXBuildFile; fileRef = 66FA04F6235A54B2000B6F61 /* FlixTests.swift */; };
		66FA0502235A54B2000B6F61 /* FlixUITests.swift in Sources */ = {isa = PBXBuildFile; fileRef = 66FA0501235A54B2000B6F61 /* FlixUITests.swift */; };
		66FA0510235A5624000B6F61 /* MoviesViewController.swift in Sources */ = {isa = PBXBuildFile; fileRef = 66FA050F235A5624000B6F61 /* MoviesViewController.swift */; };
		66FA0512235A5F51000B6F61 /* MyMovieCell.swift in Sources */ = {isa = PBXBuildFile; fileRef = 66FA0511235A5F51000B6F61 /* MyMovieCell.swift */; };
		C2D54DAE7863E597990B1846 /* Pods_FlixTests.framework in Frameworks */ = {isa = PBXBuildFile; fileRef = 76179BA6706C47481294AAA3 /* Pods_FlixTests.framework */; };
		E71F35F356F43E409E87A95B /* Pods_Flix.framework in Frameworks */ = {isa = PBXBuildFile; fileRef = E70151CCA4AC229C068475B9 /* Pods_Flix.framework */; };
/* End PBXBuildFile section */

/* Begin PBXContainerItemProxy section */
		66FA04F3235A54B2000B6F61 /* PBXContainerItemProxy */ = {
			isa = PBXContainerItemProxy;
			containerPortal = 66FA04D4235A54B0000B6F61 /* Project object */;
			proxyType = 1;
			remoteGlobalIDString = 66FA04DB235A54B0000B6F61;
			remoteInfo = Flix;
		};
		66FA04FE235A54B2000B6F61 /* PBXContainerItemProxy */ = {
			isa = PBXContainerItemProxy;
			containerPortal = 66FA04D4235A54B0000B6F61 /* Project object */;
			proxyType = 1;
			remoteGlobalIDString = 66FA04DB235A54B0000B6F61;
			remoteInfo = Flix;
		};
/* End PBXContainerItemProxy section */

/* Begin PBXFileReference section */
		16F514F536CF55CB04EBD9DB /* Pods-FlixTests.debug.xcconfig */ = {isa = PBXFileReference; includeInIndex = 1; lastKnownFileType = text.xcconfig; name = "Pods-FlixTests.debug.xcconfig"; path = "Target Support Files/Pods-FlixTests/Pods-FlixTests.debug.xcconfig"; sourceTree = "<group>"; };
		2374E0239B20AF291E0BE1D3 /* Pods_Flix_FlixUITests.framework */ = {isa = PBXFileReference; explicitFileType = wrapper.framework; includeInIndex = 0; path = Pods_Flix_FlixUITests.framework; sourceTree = BUILT_PRODUCTS_DIR; };
		4D3B9CF0A839D8CE2751EE88 /* Pods-Flix.debug.xcconfig */ = {isa = PBXFileReference; includeInIndex = 1; lastKnownFileType = text.xcconfig; name = "Pods-Flix.debug.xcconfig"; path = "Target Support Files/Pods-Flix/Pods-Flix.debug.xcconfig"; sourceTree = "<group>"; };
		569CE5982A65647085090D35 /* Pods-FlixTests.release.xcconfig */ = {isa = PBXFileReference; includeInIndex = 1; lastKnownFileType = text.xcconfig; name = "Pods-FlixTests.release.xcconfig"; path = "Target Support Files/Pods-FlixTests/Pods-FlixTests.release.xcconfig"; sourceTree = "<group>"; };
		66252C63236390B500A223CB /* MovieGridViewController.swift */ = {isa = PBXFileReference; lastKnownFileType = sourcecode.swift; path = MovieGridViewController.swift; sourceTree = "<group>"; };
		66252C652363943C00A223CB /* MovieGridCollectionViewCell.swift */ = {isa = PBXFileReference; lastKnownFileType = sourcecode.swift; path = MovieGridCollectionViewCell.swift; sourceTree = "<group>"; };
		6686157523637DB400272F4F /* MovieDetailsViewController.swift */ = {isa = PBXFileReference; lastKnownFileType = sourcecode.swift; path = MovieDetailsViewController.swift; sourceTree = "<group>"; };
		66FA04DC235A54B0000B6F61 /* Flix.app */ = {isa = PBXFileReference; explicitFileType = wrapper.application; includeInIndex = 0; path = Flix.app; sourceTree = BUILT_PRODUCTS_DIR; };
		66FA04DF235A54B0000B6F61 /* AppDelegate.swift */ = {isa = PBXFileReference; lastKnownFileType = sourcecode.swift; path = AppDelegate.swift; sourceTree = "<group>"; };
		66FA04E1235A54B0000B6F61 /* SceneDelegate.swift */ = {isa = PBXFileReference; lastKnownFileType = sourcecode.swift; path = SceneDelegate.swift; sourceTree = "<group>"; };
		66FA04E3235A54B0000B6F61 /* ViewController.swift */ = {isa = PBXFileReference; lastKnownFileType = sourcecode.swift; path = ViewController.swift; sourceTree = "<group>"; };
		66FA04E6235A54B0000B6F61 /* Base */ = {isa = PBXFileReference; lastKnownFileType = file.storyboard; name = Base; path = Base.lproj/Main.storyboard; sourceTree = "<group>"; };
		66FA04E8235A54B2000B6F61 /* Assets.xcassets */ = {isa = PBXFileReference; lastKnownFileType = folder.assetcatalog; path = Assets.xcassets; sourceTree = "<group>"; };
		66FA04EB235A54B2000B6F61 /* Base */ = {isa = PBXFileReference; lastKnownFileType = file.storyboard; name = Base; path = Base.lproj/LaunchScreen.storyboard; sourceTree = "<group>"; };
		66FA04ED235A54B2000B6F61 /* Info.plist */ = {isa = PBXFileReference; lastKnownFileType = text.plist.xml; path = Info.plist; sourceTree = "<group>"; };
		66FA04F2235A54B2000B6F61 /* FlixTests.xctest */ = {isa = PBXFileReference; explicitFileType = wrapper.cfbundle; includeInIndex = 0; path = FlixTests.xctest; sourceTree = BUILT_PRODUCTS_DIR; };
		66FA04F6235A54B2000B6F61 /* FlixTests.swift */ = {isa = PBXFileReference; lastKnownFileType = sourcecode.swift; path = FlixTests.swift; sourceTree = "<group>"; };
		66FA04F8235A54B2000B6F61 /* Info.plist */ = {isa = PBXFileReference; lastKnownFileType = text.plist.xml; path = Info.plist; sourceTree = "<group>"; };
		66FA04FD235A54B2000B6F61 /* FlixUITests.xctest */ = {isa = PBXFileReference; explicitFileType = wrapper.cfbundle; includeInIndex = 0; path = FlixUITests.xctest; sourceTree = BUILT_PRODUCTS_DIR; };
		66FA0501235A54B2000B6F61 /* FlixUITests.swift */ = {isa = PBXFileReference; lastKnownFileType = sourcecode.swift; path = FlixUITests.swift; sourceTree = "<group>"; };
		66FA0503235A54B2000B6F61 /* Info.plist */ = {isa = PBXFileReference; lastKnownFileType = text.plist.xml; path = Info.plist; sourceTree = "<group>"; };
		66FA050F235A5624000B6F61 /* MoviesViewController.swift */ = {isa = PBXFileReference; lastKnownFileType = sourcecode.swift; path = MoviesViewController.swift; sourceTree = "<group>"; };
		66FA0511235A5F51000B6F61 /* MyMovieCell.swift */ = {isa = PBXFileReference; lastKnownFileType = sourcecode.swift; path = MyMovieCell.swift; sourceTree = "<group>"; };
		76179BA6706C47481294AAA3 /* Pods_FlixTests.framework */ = {isa = PBXFileReference; explicitFileType = wrapper.framework; includeInIndex = 0; path = Pods_FlixTests.framework; sourceTree = BUILT_PRODUCTS_DIR; };
		C7B1389BD380DC93B84935B6 /* Pods-Flix-FlixUITests.debug.xcconfig */ = {isa = PBXFileReference; includeInIndex = 1; lastKnownFileType = text.xcconfig; name = "Pods-Flix-FlixUITests.debug.xcconfig"; path = "Target Support Files/Pods-Flix-FlixUITests/Pods-Flix-FlixUITests.debug.xcconfig"; sourceTree = "<group>"; };
		D7A62FF4FC5B114A992BC723 /* Pods-Flix.release.xcconfig */ = {isa = PBXFileReference; includeInIndex = 1; lastKnownFileType = text.xcconfig; name = "Pods-Flix.release.xcconfig"; path = "Target Support Files/Pods-Flix/Pods-Flix.release.xcconfig"; sourceTree = "<group>"; };
		DC1547781277ED235416C0F8 /* Pods-Flix-FlixUITests.release.xcconfig */ = {isa = PBXFileReference; includeInIndex = 1; lastKnownFileType = text.xcconfig; name = "Pods-Flix-FlixUITests.release.xcconfig"; path = "Target Support Files/Pods-Flix-FlixUITests/Pods-Flix-FlixUITests.release.xcconfig"; sourceTree = "<group>"; };
		E70151CCA4AC229C068475B9 /* Pods_Flix.framework */ = {isa = PBXFileReference; explicitFileType = wrapper.framework; includeInIndex = 0; path = Pods_Flix.framework; sourceTree = BUILT_PRODUCTS_DIR; };
/* End PBXFileReference section */

/* Begin PBXFrameworksBuildPhase section */
		66FA04D9235A54B0000B6F61 /* Frameworks */ = {
			isa = PBXFrameworksBuildPhase;
			buildActionMask = 2147483647;
			files = (
				E71F35F356F43E409E87A95B /* Pods_Flix.framework in Frameworks */,
			);
			runOnlyForDeploymentPostprocessing = 0;
		};
		66FA04EF235A54B2000B6F61 /* Frameworks */ = {
			isa = PBXFrameworksBuildPhase;
			buildActionMask = 2147483647;
			files = (
				C2D54DAE7863E597990B1846 /* Pods_FlixTests.framework in Frameworks */,
			);
			runOnlyForDeploymentPostprocessing = 0;
		};
		66FA04FA235A54B2000B6F61 /* Frameworks */ = {
			isa = PBXFrameworksBuildPhase;
			buildActionMask = 2147483647;
			files = (
				548B1EC4698135989AA5E9F8 /* Pods_Flix_FlixUITests.framework in Frameworks */,
			);
			runOnlyForDeploymentPostprocessing = 0;
		};
/* End PBXFrameworksBuildPhase section */

/* Begin PBXGroup section */
		0577468D00693D9365CB2249 /* Pods */ = {
			isa = PBXGroup;
			children = (
				4D3B9CF0A839D8CE2751EE88 /* Pods-Flix.debug.xcconfig */,
				D7A62FF4FC5B114A992BC723 /* Pods-Flix.release.xcconfig */,
				C7B1389BD380DC93B84935B6 /* Pods-Flix-FlixUITests.debug.xcconfig */,
				DC1547781277ED235416C0F8 /* Pods-Flix-FlixUITests.release.xcconfig */,
				16F514F536CF55CB04EBD9DB /* Pods-FlixTests.debug.xcconfig */,
				569CE5982A65647085090D35 /* Pods-FlixTests.release.xcconfig */,
			);
			path = Pods;
			sourceTree = "<group>";
		};
		66FA04D3235A54B0000B6F61 = {
			isa = PBXGroup;
			children = (
				66FA04DE235A54B0000B6F61 /* Flix */,
				66FA04F5235A54B2000B6F61 /* FlixTests */,
				66FA0500235A54B2000B6F61 /* FlixUITests */,
				66FA04DD235A54B0000B6F61 /* Products */,
				0577468D00693D9365CB2249 /* Pods */,
				F8ECA73FB9AD431F0B6AC56E /* Frameworks */,
			);
			sourceTree = "<group>";
		};
		66FA04DD235A54B0000B6F61 /* Products */ = {
			isa = PBXGroup;
			children = (
				66FA04DC235A54B0000B6F61 /* Flix.app */,
				66FA04F2235A54B2000B6F61 /* FlixTests.xctest */,
				66FA04FD235A54B2000B6F61 /* FlixUITests.xctest */,
			);
			name = Products;
			sourceTree = "<group>";
		};
		66FA04DE235A54B0000B6F61 /* Flix */ = {
			isa = PBXGroup;
			children = (
				66FA04DF235A54B0000B6F61 /* AppDelegate.swift */,
				66FA04E1235A54B0000B6F61 /* SceneDelegate.swift */,
				66FA04E3235A54B0000B6F61 /* ViewController.swift */,
				66FA04E5235A54B0000B6F61 /* Main.storyboard */,
				66252C652363943C00A223CB /* MovieGridCollectionViewCell.swift */,
				66252C63236390B500A223CB /* MovieGridViewController.swift */,
				6686157523637DB400272F4F /* MovieDetailsViewController.swift */,
				66FA0511235A5F51000B6F61 /* MyMovieCell.swift */,
				66FA050F235A5624000B6F61 /* MoviesViewController.swift */,
				66FA04E8235A54B2000B6F61 /* Assets.xcassets */,
				66FA04EA235A54B2000B6F61 /* LaunchScreen.storyboard */,
				66FA04ED235A54B2000B6F61 /* Info.plist */,
			);
			path = Flix;
			sourceTree = "<group>";
		};
		66FA04F5235A54B2000B6F61 /* FlixTests */ = {
			isa = PBXGroup;
			children = (
				66FA04F6235A54B2000B6F61 /* FlixTests.swift */,
				66FA04F8235A54B2000B6F61 /* Info.plist */,
			);
			path = FlixTests;
			sourceTree = "<group>";
		};
		66FA0500235A54B2000B6F61 /* FlixUITests */ = {
			isa = PBXGroup;
			children = (
				66FA0501235A54B2000B6F61 /* FlixUITests.swift */,
				66FA0503235A54B2000B6F61 /* Info.plist */,
			);
			path = FlixUITests;
			sourceTree = "<group>";
		};
		F8ECA73FB9AD431F0B6AC56E /* Frameworks */ = {
			isa = PBXGroup;
			children = (
				E70151CCA4AC229C068475B9 /* Pods_Flix.framework */,
				2374E0239B20AF291E0BE1D3 /* Pods_Flix_FlixUITests.framework */,
				76179BA6706C47481294AAA3 /* Pods_FlixTests.framework */,
			);
			name = Frameworks;
			sourceTree = "<group>";
		};
/* End PBXGroup section */

/* Begin PBXNativeTarget section */
		66FA04DB235A54B0000B6F61 /* Flix */ = {
			isa = PBXNativeTarget;
			buildConfigurationList = 66FA0506235A54B2000B6F61 /* Build configuration list for PBXNativeTarget "Flix" */;
			buildPhases = (
				35E2C6C0843AFF341D9D168B /* [CP] Check Pods Manifest.lock */,
				66FA04D8235A54B0000B6F61 /* Sources */,
				66FA04D9235A54B0000B6F61 /* Frameworks */,
				66FA04DA235A54B0000B6F61 /* Resources */,
				40F20A247E2855642D371176 /* [CP] Embed Pods Frameworks */,
			);
			buildRules = (
			);
			dependencies = (
			);
			name = Flix;
			productName = Flix;
			productReference = 66FA04DC235A54B0000B6F61 /* Flix.app */;
			productType = "com.apple.product-type.application";
		};
		66FA04F1235A54B2000B6F61 /* FlixTests */ = {
			isa = PBXNativeTarget;
			buildConfigurationList = 66FA0509235A54B2000B6F61 /* Build configuration list for PBXNativeTarget "FlixTests" */;
			buildPhases = (
				B5211BD5F8E5BB83BE622894 /* [CP] Check Pods Manifest.lock */,
				66FA04EE235A54B2000B6F61 /* Sources */,
				66FA04EF235A54B2000B6F61 /* Frameworks */,
				66FA04F0235A54B2000B6F61 /* Resources */,
			);
			buildRules = (
			);
			dependencies = (
				66FA04F4235A54B2000B6F61 /* PBXTargetDependency */,
			);
			name = FlixTests;
			productName = FlixTests;
			productReference = 66FA04F2235A54B2000B6F61 /* FlixTests.xctest */;
			productType = "com.apple.product-type.bundle.unit-test";
		};
		66FA04FC235A54B2000B6F61 /* FlixUITests */ = {
			isa = PBXNativeTarget;
			buildConfigurationList = 66FA050C235A54B2000B6F61 /* Build configuration list for PBXNativeTarget "FlixUITests" */;
			buildPhases = (
				F03C0A69889D2E5E5E64E5C5 /* [CP] Check Pods Manifest.lock */,
				66FA04F9235A54B2000B6F61 /* Sources */,
				66FA04FA235A54B2000B6F61 /* Frameworks */,
				66FA04FB235A54B2000B6F61 /* Resources */,
				208BECB889E96778F0F85C83 /* [CP] Embed Pods Frameworks */,
			);
			buildRules = (
			);
			dependencies = (
				66FA04FF235A54B2000B6F61 /* PBXTargetDependency */,
			);
			name = FlixUITests;
			productName = FlixUITests;
			productReference = 66FA04FD235A54B2000B6F61 /* FlixUITests.xctest */;
			productType = "com.apple.product-type.bundle.ui-testing";
		};
/* End PBXNativeTarget section */

/* Begin PBXProject section */
		66FA04D4235A54B0000B6F61 /* Project object */ = {
			isa = PBXProject;
			attributes = {
				LastSwiftUpdateCheck = 1100;
				LastUpgradeCheck = 1100;
				ORGANIZATIONNAME = gustavocordido;
				TargetAttributes = {
					66FA04DB235A54B0000B6F61 = {
						CreatedOnToolsVersion = 11.0;
					};
					66FA04F1235A54B2000B6F61 = {
						CreatedOnToolsVersion = 11.0;
						TestTargetID = 66FA04DB235A54B0000B6F61;
					};
					66FA04FC235A54B2000B6F61 = {
						CreatedOnToolsVersion = 11.0;
						TestTargetID = 66FA04DB235A54B0000B6F61;
					};
				};
			};
			buildConfigurationList = 66FA04D7235A54B0000B6F61 /* Build configuration list for PBXProject "Flix" */;
			compatibilityVersion = "Xcode 9.3";
			developmentRegion = en;
			hasScannedForEncodings = 0;
			knownRegions = (
				en,
				Base,
			);
			mainGroup = 66FA04D3235A54B0000B6F61;
			productRefGroup = 66FA04DD235A54B0000B6F61 /* Products */;
			projectDirPath = "";
			projectRoot = "";
			targets = (
				66FA04DB235A54B0000B6F61 /* Flix */,
				66FA04F1235A54B2000B6F61 /* FlixTests */,
				66FA04FC235A54B2000B6F61 /* FlixUITests */,
			);
		};
/* End PBXProject section */

/* Begin PBXResourcesBuildPhase section */
		66FA04DA235A54B0000B6F61 /* Resources */ = {
			isa = PBXResourcesBuildPhase;
			buildActionMask = 2147483647;
			files = (
				66FA04EC235A54B2000B6F61 /* LaunchScreen.storyboard in Resources */,
				66FA04E9235A54B2000B6F61 /* Assets.xcassets in Resources */,
				66FA04E7235A54B0000B6F61 /* Main.storyboard in Resources */,
			);
			runOnlyForDeploymentPostprocessing = 0;
		};
		66FA04F0235A54B2000B6F61 /* Resources */ = {
			isa = PBXResourcesBuildPhase;
			buildActionMask = 2147483647;
			files = (
			);
			runOnlyForDeploymentPostprocessing = 0;
		};
		66FA04FB235A54B2000B6F61 /* Resources */ = {
			isa = PBXResourcesBuildPhase;
			buildActionMask = 2147483647;
			files = (
			);
			runOnlyForDeploymentPostprocessing = 0;
		};
/* End PBXResourcesBuildPhase section */

/* Begin PBXShellScriptBuildPhase section */
		208BECB889E96778F0F85C83 /* [CP] Embed Pods Frameworks */ = {
			isa = PBXShellScriptBuildPhase;
			buildActionMask = 2147483647;
			files = (
			);
			inputFileListPaths = (
				"${PODS_ROOT}/Target Support Files/Pods-Flix-FlixUITests/Pods-Flix-FlixUITests-frameworks-${CONFIGURATION}-input-files.xcfilelist",
			);
			name = "[CP] Embed Pods Frameworks";
			outputFileListPaths = (
				"${PODS_ROOT}/Target Support Files/Pods-Flix-FlixUITests/Pods-Flix-FlixUITests-frameworks-${CONFIGURATION}-output-files.xcfilelist",
			);
			runOnlyForDeploymentPostprocessing = 0;
			shellPath = /bin/sh;
			shellScript = "\"${PODS_ROOT}/Target Support Files/Pods-Flix-FlixUITests/Pods-Flix-FlixUITests-frameworks.sh\"\n";
			showEnvVarsInLog = 0;
		};
		35E2C6C0843AFF341D9D168B /* [CP] Check Pods Manifest.lock */ = {
			isa = PBXShellScriptBuildPhase;
			buildActionMask = 2147483647;
			files = (
			);
			inputFileListPaths = (
			);
			inputPaths = (
				"${PODS_PODFILE_DIR_PATH}/Podfile.lock",
				"${PODS_ROOT}/Manifest.lock",
			);
			name = "[CP] Check Pods Manifest.lock";
			outputFileListPaths = (
			);
			outputPaths = (
				"$(DERIVED_FILE_DIR)/Pods-Flix-checkManifestLockResult.txt",
			);
			runOnlyForDeploymentPostprocessing = 0;
			shellPath = /bin/sh;
			shellScript = "diff \"${PODS_PODFILE_DIR_PATH}/Podfile.lock\" \"${PODS_ROOT}/Manifest.lock\" > /dev/null\nif [ $? != 0 ] ; then\n    # print error to STDERR\n    echo \"error: The sandbox is not in sync with the Podfile.lock. Run 'pod install' or update your CocoaPods installation.\" >&2\n    exit 1\nfi\n# This output is used by Xcode 'outputs' to avoid re-running this script phase.\necho \"SUCCESS\" > \"${SCRIPT_OUTPUT_FILE_0}\"\n";
			showEnvVarsInLog = 0;
		};
		40F20A247E2855642D371176 /* [CP] Embed Pods Frameworks */ = {
			isa = PBXShellScriptBuildPhase;
			buildActionMask = 2147483647;
			files = (
			);
			inputFileListPaths = (
				"${PODS_ROOT}/Target Support Files/Pods-Flix/Pods-Flix-frameworks-${CONFIGURATION}-input-files.xcfilelist",
			);
			name = "[CP] Embed Pods Frameworks";
			outputFileListPaths = (
				"${PODS_ROOT}/Target Support Files/Pods-Flix/Pods-Flix-frameworks-${CONFIGURATION}-output-files.xcfilelist",
			);
			runOnlyForDeploymentPostprocessing = 0;
			shellPath = /bin/sh;
			shellScript = "\"${PODS_ROOT}/Target Support Files/Pods-Flix/Pods-Flix-frameworks.sh\"\n";
			showEnvVarsInLog = 0;
		};
		B5211BD5F8E5BB83BE622894 /* [CP] Check Pods Manifest.lock */ = {
			isa = PBXShellScriptBuildPhase;
			buildActionMask = 2147483647;
			files = (
			);
			inputFileListPaths = (
			);
			inputPaths = (
				"${PODS_PODFILE_DIR_PATH}/Podfile.lock",
				"${PODS_ROOT}/Manifest.lock",
			);
			name = "[CP] Check Pods Manifest.lock";
			outputFileListPaths = (
			);
			outputPaths = (
				"$(DERIVED_FILE_DIR)/Pods-FlixTests-checkManifestLockResult.txt",
			);
			runOnlyForDeploymentPostprocessing = 0;
			shellPath = /bin/sh;
			shellScript = "diff \"${PODS_PODFILE_DIR_PATH}/Podfile.lock\" \"${PODS_ROOT}/Manifest.lock\" > /dev/null\nif [ $? != 0 ] ; then\n    # print error to STDERR\n    echo \"error: The sandbox is not in sync with the Podfile.lock. Run 'pod install' or update your CocoaPods installation.\" >&2\n    exit 1\nfi\n# This output is used by Xcode 'outputs' to avoid re-running this script phase.\necho \"SUCCESS\" > \"${SCRIPT_OUTPUT_FILE_0}\"\n";
			showEnvVarsInLog = 0;
		};
		F03C0A69889D2E5E5E64E5C5 /* [CP] Check Pods Manifest.lock */ = {
			isa = PBXShellScriptBuildPhase;
			buildActionMask = 2147483647;
			files = (
			);
			inputFileListPaths = (
			);
			inputPaths = (
				"${PODS_PODFILE_DIR_PATH}/Podfile.lock",
				"${PODS_ROOT}/Manifest.lock",
			);
			name = "[CP] Check Pods Manifest.lock";
			outputFileListPaths = (
			);
			outputPaths = (
				"$(DERIVED_FILE_DIR)/Pods-Flix-FlixUITests-checkManifestLockResult.txt",
			);
			runOnlyForDeploymentPostprocessing = 0;
			shellPath = /bin/sh;
			shellScript = "diff \"${PODS_PODFILE_DIR_PATH}/Podfile.lock\" \"${PODS_ROOT}/Manifest.lock\" > /dev/null\nif [ $? != 0 ] ; then\n    # print error to STDERR\n    echo \"error: The sandbox is not in sync with the Podfile.lock. Run 'pod install' or update your CocoaPods installation.\" >&2\n    exit 1\nfi\n# This output is used by Xcode 'outputs' to avoid re-running this script phase.\necho \"SUCCESS\" > \"${SCRIPT_OUTPUT_FILE_0}\"\n";
			showEnvVarsInLog = 0;
		};
/* End PBXShellScriptBuildPhase section */

/* Begin PBXSourcesBuildPhase section */
		66FA04D8235A54B0000B6F61 /* Sources */ = {
			isa = PBXSourcesBuildPhase;
			buildActionMask = 2147483647;
			files = (
				66FA04E4235A54B0000B6F61 /* ViewController.swift in Sources */,
				66FA0512235A5F51000B6F61 /* MyMovieCell.swift in Sources */,
				6686157623637DB400272F4F /* MovieDetailsViewController.swift in Sources */,
				66252C662363943C00A223CB /* MovieGridCollectionViewCell.swift in Sources */,
				66252C64236390B500A223CB /* MovieGridViewController.swift in Sources */,
				66FA04E0235A54B0000B6F61 /* AppDelegate.swift in Sources */,
				66FA04E2235A54B0000B6F61 /* SceneDelegate.swift in Sources */,
				66FA0510235A5624000B6F61 /* MoviesViewController.swift in Sources */,
			);
			runOnlyForDeploymentPostprocessing = 0;
		};
		66FA04EE235A54B2000B6F61 /* Sources */ = {
			isa = PBXSourcesBuildPhase;
			buildActionMask = 2147483647;
			files = (
				66FA04F7235A54B2000B6F61 /* FlixTests.swift in Sources */,
			);
			runOnlyForDeploymentPostprocessing = 0;
		};
		66FA04F9235A54B2000B6F61 /* Sources */ = {
			isa = PBXSourcesBuildPhase;
			buildActionMask = 2147483647;
			files = (
				66FA0502235A54B2000B6F61 /* FlixUITests.swift in Sources */,
			);
			runOnlyForDeploymentPostprocessing = 0;
		};
/* End PBXSourcesBuildPhase section */

/* Begin PBXTargetDependency section */
		66FA04F4235A54B2000B6F61 /* PBXTargetDependency */ = {
			isa = PBXTargetDependency;
			target = 66FA04DB235A54B0000B6F61 /* Flix */;
			targetProxy = 66FA04F3235A54B2000B6F61 /* PBXContainerItemProxy */;
		};
		66FA04FF235A54B2000B6F61 /* PBXTargetDependency */ = {
			isa = PBXTargetDependency;
			target = 66FA04DB235A54B0000B6F61 /* Flix */;
			targetProxy = 66FA04FE235A54B2000B6F61 /* PBXContainerItemProxy */;
		};
/* End PBXTargetDependency section */

/* Begin PBXVariantGroup section */
		66FA04E5235A54B0000B6F61 /* Main.storyboard */ = {
			isa = PBXVariantGroup;
			children = (
				66FA04E6235A54B0000B6F61 /* Base */,
			);
			name = Main.storyboard;
			sourceTree = "<group>";
		};
		66FA04EA235A54B2000B6F61 /* LaunchScreen.storyboard */ = {
			isa = PBXVariantGroup;
			children = (
				66FA04EB235A54B2000B6F61 /* Base */,
			);
			name = LaunchScreen.storyboard;
			sourceTree = "<group>";
		};
/* End PBXVariantGroup section */

/* Begin XCBuildConfiguration section */
		66FA0504235A54B2000B6F61 /* Debug */ = {
			isa = XCBuildConfiguration;
			buildSettings = {
				ALWAYS_SEARCH_USER_PATHS = NO;
				CLANG_ANALYZER_NONNULL = YES;
				CLANG_ANALYZER_NUMBER_OBJECT_CONVERSION = YES_AGGRESSIVE;
				CLANG_CXX_LANGUAGE_STANDARD = "gnu++14";
				CLANG_CXX_LIBRARY = "libc++";
				CLANG_ENABLE_MODULES = YES;
				CLANG_ENABLE_OBJC_ARC = YES;
				CLANG_ENABLE_OBJC_WEAK = YES;
				CLANG_WARN_BLOCK_CAPTURE_AUTORELEASING = YES;
				CLANG_WARN_BOOL_CONVERSION = YES;
				CLANG_WARN_COMMA = YES;
				CLANG_WARN_CONSTANT_CONVERSION = YES;
				CLANG_WARN_DEPRECATED_OBJC_IMPLEMENTATIONS = YES;
				CLANG_WARN_DIRECT_OBJC_ISA_USAGE = YES_ERROR;
				CLANG_WARN_DOCUMENTATION_COMMENTS = YES;
				CLANG_WARN_EMPTY_BODY = YES;
				CLANG_WARN_ENUM_CONVERSION = YES;
				CLANG_WARN_INFINITE_RECURSION = YES;
				CLANG_WARN_INT_CONVERSION = YES;
				CLANG_WARN_NON_LITERAL_NULL_CONVERSION = YES;
				CLANG_WARN_OBJC_IMPLICIT_RETAIN_SELF = YES;
				CLANG_WARN_OBJC_LITERAL_CONVERSION = YES;
				CLANG_WARN_OBJC_ROOT_CLASS = YES_ERROR;
				CLANG_WARN_RANGE_LOOP_ANALYSIS = YES;
				CLANG_WARN_STRICT_PROTOTYPES = YES;
				CLANG_WARN_SUSPICIOUS_MOVE = YES;
				CLANG_WARN_UNGUARDED_AVAILABILITY = YES_AGGRESSIVE;
				CLANG_WARN_UNREACHABLE_CODE = YES;
				CLANG_WARN__DUPLICATE_METHOD_MATCH = YES;
				COPY_PHASE_STRIP = NO;
				DEBUG_INFORMATION_FORMAT = dwarf;
				ENABLE_STRICT_OBJC_MSGSEND = YES;
				ENABLE_TESTABILITY = YES;
				GCC_C_LANGUAGE_STANDARD = gnu11;
				GCC_DYNAMIC_NO_PIC = NO;
				GCC_NO_COMMON_BLOCKS = YES;
				GCC_OPTIMIZATION_LEVEL = 0;
				GCC_PREPROCESSOR_DEFINITIONS = (
					"DEBUG=1",
					"$(inherited)",
				);
				GCC_WARN_64_TO_32_BIT_CONVERSION = YES;
				GCC_WARN_ABOUT_RETURN_TYPE = YES_ERROR;
				GCC_WARN_UNDECLARED_SELECTOR = YES;
				GCC_WARN_UNINITIALIZED_AUTOS = YES_AGGRESSIVE;
				GCC_WARN_UNUSED_FUNCTION = YES;
				GCC_WARN_UNUSED_VARIABLE = YES;
				IPHONEOS_DEPLOYMENT_TARGET = 13.0;
				MTL_ENABLE_DEBUG_INFO = INCLUDE_SOURCE;
				MTL_FAST_MATH = YES;
				ONLY_ACTIVE_ARCH = YES;
				SDKROOT = iphoneos;
				SWIFT_ACTIVE_COMPILATION_CONDITIONS = DEBUG;
				SWIFT_OPTIMIZATION_LEVEL = "-Onone";
			};
			name = Debug;
		};
		66FA0505235A54B2000B6F61 /* Release */ = {
			isa = XCBuildConfiguration;
			buildSettings = {
				ALWAYS_SEARCH_USER_PATHS = NO;
				CLANG_ANALYZER_NONNULL = YES;
				CLANG_ANALYZER_NUMBER_OBJECT_CONVERSION = YES_AGGRESSIVE;
				CLANG_CXX_LANGUAGE_STANDARD = "gnu++14";
				CLANG_CXX_LIBRARY = "libc++";
				CLANG_ENABLE_MODULES = YES;
				CLANG_ENABLE_OBJC_ARC = YES;
				CLANG_ENABLE_OBJC_WEAK = YES;
				CLANG_WARN_BLOCK_CAPTURE_AUTORELEASING = YES;
				CLANG_WARN_BOOL_CONVERSION = YES;
				CLANG_WARN_COMMA = YES;
				CLANG_WARN_CONSTANT_CONVERSION = YES;
				CLANG_WARN_DEPRECATED_OBJC_IMPLEMENTATIONS = YES;
				CLANG_WARN_DIRECT_OBJC_ISA_USAGE = YES_ERROR;
				CLANG_WARN_DOCUMENTATION_COMMENTS = YES;
				CLANG_WARN_EMPTY_BODY = YES;
				CLANG_WARN_ENUM_CONVERSION = YES;
				CLANG_WARN_INFINITE_RECURSION = YES;
				CLANG_WARN_INT_CONVERSION = YES;
				CLANG_WARN_NON_LITERAL_NULL_CONVERSION = YES;
				CLANG_WARN_OBJC_IMPLICIT_RETAIN_SELF = YES;
				CLANG_WARN_OBJC_LITERAL_CONVERSION = YES;
				CLANG_WARN_OBJC_ROOT_CLASS = YES_ERROR;
				CLANG_WARN_RANGE_LOOP_ANALYSIS = YES;
				CLANG_WARN_STRICT_PROTOTYPES = YES;
				CLANG_WARN_SUSPICIOUS_MOVE = YES;
				CLANG_WARN_UNGUARDED_AVAILABILITY = YES_AGGRESSIVE;
				CLANG_WARN_UNREACHABLE_CODE = YES;
				CLANG_WARN__DUPLICATE_METHOD_MATCH = YES;
				COPY_PHASE_STRIP = NO;
				DEBUG_INFORMATION_FORMAT = "dwarf-with-dsym";
				ENABLE_NS_ASSERTIONS = NO;
				ENABLE_STRICT_OBJC_MSGSEND = YES;
				GCC_C_LANGUAGE_STANDARD = gnu11;
				GCC_NO_COMMON_BLOCKS = YES;
				GCC_WARN_64_TO_32_BIT_CONVERSION = YES;
				GCC_WARN_ABOUT_RETURN_TYPE = YES_ERROR;
				GCC_WARN_UNDECLARED_SELECTOR = YES;
				GCC_WARN_UNINITIALIZED_AUTOS = YES_AGGRESSIVE;
				GCC_WARN_UNUSED_FUNCTION = YES;
				GCC_WARN_UNUSED_VARIABLE = YES;
				IPHONEOS_DEPLOYMENT_TARGET = 13.0;
				MTL_ENABLE_DEBUG_INFO = NO;
				MTL_FAST_MATH = YES;
				SDKROOT = iphoneos;
				SWIFT_COMPILATION_MODE = wholemodule;
				SWIFT_OPTIMIZATION_LEVEL = "-O";
				VALIDATE_PRODUCT = YES;
			};
			name = Release;
		};
		66FA0507235A54B2000B6F61 /* Debug */ = {
			isa = XCBuildConfiguration;
			baseConfigurationReference = 4D3B9CF0A839D8CE2751EE88 /* Pods-Flix.debug.xcconfig */;
			buildSettings = {
				ASSETCATALOG_COMPILER_APPICON_NAME = AppIcon;
				CODE_SIGN_STYLE = Automatic;
				DEVELOPMENT_TEAM = KCV3F79J8L;
				INFOPLIST_FILE = Flix/Info.plist;
				LD_RUNPATH_SEARCH_PATHS = (
					"$(inherited)",
					"@executable_path/Frameworks",
				);
				PRODUCT_BUNDLE_IDENTIFIER = GC.Flix;
				PRODUCT_NAME = "$(TARGET_NAME)";
				SWIFT_VERSION = 5.0;
				TARGETED_DEVICE_FAMILY = "1,2";
			};
			name = Debug;
		};
		66FA0508235A54B2000B6F61 /* Release */ = {
			isa = XCBuildConfiguration;
			baseConfigurationReference = D7A62FF4FC5B114A992BC723 /* Pods-Flix.release.xcconfig */;
			buildSettings = {
				ASSETCATALOG_COMPILER_APPICON_NAME = AppIcon;
				CODE_SIGN_STYLE = Automatic;
				DEVELOPMENT_TEAM = KCV3F79J8L;
				INFOPLIST_FILE = Flix/Info.plist;
				LD_RUNPATH_SEARCH_PATHS = (
					"$(inherited)",
					"@executable_path/Frameworks",
				);
				PRODUCT_BUNDLE_IDENTIFIER = GC.Flix;
				PRODUCT_NAME = "$(TARGET_NAME)";
				SWIFT_VERSION = 5.0;
				TARGETED_DEVICE_FAMILY = "1,2";
			};
			name = Release;
		};
		66FA050A235A54B2000B6F61 /* Debug */ = {
			isa = XCBuildConfiguration;
			baseConfigurationReference = 16F514F536CF55CB04EBD9DB /* Pods-FlixTests.debug.xcconfig */;
			buildSettings = {
				ALWAYS_EMBED_SWIFT_STANDARD_LIBRARIES = YES;
				BUNDLE_LOADER = "$(TEST_HOST)";
				CODE_SIGN_STYLE = Automatic;
				INFOPLIST_FILE = FlixTests/Info.plist;
				IPHONEOS_DEPLOYMENT_TARGET = 13.0;
				LD_RUNPATH_SEARCH_PATHS = (
					"$(inherited)",
					"@executable_path/Frameworks",
					"@loader_path/Frameworks",
				);
				PRODUCT_BUNDLE_IDENTIFIER = GC.FlixTests;
				PRODUCT_NAME = "$(TARGET_NAME)";
				SWIFT_VERSION = 5.0;
				TARGETED_DEVICE_FAMILY = "1,2";
				TEST_HOST = "$(BUILT_PRODUCTS_DIR)/Flix.app/Flix";
			};
			name = Debug;
		};
		66FA050B235A54B2000B6F61 /* Release */ = {
			isa = XCBuildConfiguration;
			baseConfigurationReference = 569CE5982A65647085090D35 /* Pods-FlixTests.release.xcconfig */;
			buildSettings = {
				ALWAYS_EMBED_SWIFT_STANDARD_LIBRARIES = YES;
				BUNDLE_LOADER = "$(TEST_HOST)";
				CODE_SIGN_STYLE = Automatic;
				INFOPLIST_FILE = FlixTests/Info.plist;
				IPHONEOS_DEPLOYMENT_TARGET = 13.0;
				LD_RUNPATH_SEARCH_PATHS = (
					"$(inherited)",
					"@executable_path/Frameworks",
					"@loader_path/Frameworks",
				);
				PRODUCT_BUNDLE_IDENTIFIER = GC.FlixTests;
				PRODUCT_NAME = "$(TARGET_NAME)";
				SWIFT_VERSION = 5.0;
				TARGETED_DEVICE_FAMILY = "1,2";
				TEST_HOST = "$(BUILT_PRODUCTS_DIR)/Flix.app/Flix";
			};
			name = Release;
		};
		66FA050D235A54B2000B6F61 /* Debug */ = {
			isa = XCBuildConfiguration;
			baseConfigurationReference = C7B1389BD380DC93B84935B6 /* Pods-Flix-FlixUITests.debug.xcconfig */;
			buildSettings = {
				ALWAYS_EMBED_SWIFT_STANDARD_LIBRARIES = YES;
				CODE_SIGN_STYLE = Automatic;
				INFOPLIST_FILE = FlixUITests/Info.plist;
				LD_RUNPATH_SEARCH_PATHS = (
					"$(inherited)",
					"@executable_path/Frameworks",
					"@loader_path/Frameworks",
				);
				PRODUCT_BUNDLE_IDENTIFIER = GC.FlixUITests;
				PRODUCT_NAME = "$(TARGET_NAME)";
				SWIFT_VERSION = 5.0;
				TARGETED_DEVICE_FAMILY = "1,2";
				TEST_TARGET_NAME = Flix;
			};
			name = Debug;
		};
		66FA050E235A54B2000B6F61 /* Release */ = {
			isa = XCBuildConfiguration;
			baseConfigurationReference = DC1547781277ED235416C0F8 /* Pods-Flix-FlixUITests.release.xcconfig */;
			buildSettings = {
				ALWAYS_EMBED_SWIFT_STANDARD_LIBRARIES = YES;
				CODE_SIGN_STYLE = Automatic;
				INFOPLIST_FILE = FlixUITests/Info.plist;
				LD_RUNPATH_SEARCH_PATHS = (
					"$(inherited)",
					"@executable_path/Frameworks",
					"@loader_path/Frameworks",
				);
				PRODUCT_BUNDLE_IDENTIFIER = GC.FlixUITests;
				PRODUCT_NAME = "$(TARGET_NAME)";
				SWIFT_VERSION = 5.0;
				TARGETED_DEVICE_FAMILY = "1,2";
				TEST_TARGET_NAME = Flix;
			};
			name = Release;
		};
/* End XCBuildConfiguration section */

/* Begin XCConfigurationList section */
		66FA04D7235A54B0000B6F61 /* Build configuration list for PBXProject "Flix" */ = {
			isa = XCConfigurationList;
			buildConfigurations = (
				66FA0504235A54B2000B6F61 /* Debug */,
				66FA0505235A54B2000B6F61 /* Release */,
			);
			defaultConfigurationIsVisible = 0;
			defaultConfigurationName = Release;
		};
		66FA0506235A54B2000B6F61 /* Build configuration list for PBXNativeTarget "Flix" */ = {
			isa = XCConfigurationList;
			buildConfigurations = (
				66FA0507235A54B2000B6F61 /* Debug */,
				66FA0508235A54B2000B6F61 /* Release */,
			);
			defaultConfigurationIsVisible = 0;
			defaultConfigurationName = Release;
		};
		66FA0509235A54B2000B6F61 /* Build configuration list for PBXNativeTarget "FlixTests" */ = {
			isa = XCConfigurationList;
			buildConfigurations = (
				66FA050A235A54B2000B6F61 /* Debug */,
				66FA050B235A54B2000B6F61 /* Release */,
			);
			defaultConfigurationIsVisible = 0;
			defaultConfigurationName = Release;
		};
		66FA050C235A54B2000B6F61 /* Build configuration list for PBXNativeTarget "FlixUITests" */ = {
			isa = XCConfigurationList;
			buildConfigurations = (
				66FA050D235A54B2000B6F61 /* Debug */,
				66FA050E235A54B2000B6F61 /* Release */,
			);
			defaultConfigurationIsVisible = 0;
			defaultConfigurationName = Release;
		};
/* End XCConfigurationList section */
	};
	rootObject = 66FA04D4235A54B0000B6F61 /* Project object */;
}
